// !$*UTF8*$!
{
	archiveVersion = 1;
	classes = {
	};
	objectVersion = 50;
	objects = {

/* Begin PBXBuildFile section */
		B890791025D5FD2B00ECCD34 /* AppDelegate.swift in Sources */ = {isa = PBXBuildFile; fileRef = B890790F25D5FD2B00ECCD34 /* AppDelegate.swift */; };
		B890791225D5FD2B00ECCD34 /* ViewController.swift in Sources */ = {isa = PBXBuildFile; fileRef = B890791125D5FD2B00ECCD34 /* ViewController.swift */; };
		B890791425D5FD2E00ECCD34 /* Assets.xcassets in Resources */ = {isa = PBXBuildFile; fileRef = B890791325D5FD2E00ECCD34 /* Assets.xcassets */; };
		B890791725D5FD2E00ECCD34 /* Main.storyboard in Resources */ = {isa = PBXBuildFile; fileRef = B890791525D5FD2E00ECCD34 /* Main.storyboard */; };
		B890792325D5FD2E00ECCD34 /* VectoTests.swift in Sources */ = {isa = PBXBuildFile; fileRef = B890792225D5FD2E00ECCD34 /* VectoTests.swift */; };
		B890792E25D5FD2E00ECCD34 /* VectoUITests.swift in Sources */ = {isa = PBXBuildFile; fileRef = B890792D25D5FD2E00ECCD34 /* VectoUITests.swift */; };
		B890794925D603AC00ECCD34 /* here1.pdf in Resources */ = {isa = PBXBuildFile; fileRef = B890794825D603AC00ECCD34 /* here1.pdf */; };
		B890795125D60B2200ECCD34 /* here2.pdf in Resources */ = {isa = PBXBuildFile; fileRef = B890795025D60B2200ECCD34 /* here2.pdf */; };
		B890795625D611DF00ECCD34 /* here3.pdf in Resources */ = {isa = PBXBuildFile; fileRef = B890795525D611DF00ECCD34 /* here3.pdf */; };
/* End PBXBuildFile section */

/* Begin PBXContainerItemProxy section */
		B890791F25D5FD2E00ECCD34 /* PBXContainerItemProxy */ = {
			isa = PBXContainerItemProxy;
			containerPortal = B890790425D5FD2B00ECCD34 /* Project object */;
			proxyType = 1;
			remoteGlobalIDString = B890790B25D5FD2B00ECCD34;
			remoteInfo = Vecto;
		};
		B890792A25D5FD2E00ECCD34 /* PBXContainerItemProxy */ = {
			isa = PBXContainerItemProxy;
			containerPortal = B890790425D5FD2B00ECCD34 /* Project object */;
			proxyType = 1;
			remoteGlobalIDString = B890790B25D5FD2B00ECCD34;
			remoteInfo = Vecto;
		};
/* End PBXContainerItemProxy section */

/* Begin PBXFileReference section */
		B890790C25D5FD2B00ECCD34 /* Vecto.app */ = {isa = PBXFileReference; explicitFileType = wrapper.application; includeInIndex = 0; path = Vecto.app; sourceTree = BUILT_PRODUCTS_DIR; };
		B890790F25D5FD2B00ECCD34 /* AppDelegate.swift */ = {isa = PBXFileReference; lastKnownFileType = sourcecode.swift; path = AppDelegate.swift; sourceTree = "<group>"; };
		B890791125D5FD2B00ECCD34 /* ViewController.swift */ = {isa = PBXFileReference; lastKnownFileType = sourcecode.swift; path = ViewController.swift; sourceTree = "<group>"; };
		B890791325D5FD2E00ECCD34 /* Assets.xcassets */ = {isa = PBXFileReference; lastKnownFileType = folder.assetcatalog; path = Assets.xcassets; sourceTree = "<group>"; };
		B890791625D5FD2E00ECCD34 /* Base */ = {isa = PBXFileReference; lastKnownFileType = file.storyboard; name = Base; path = Base.lproj/Main.storyboard; sourceTree = "<group>"; };
		B890791825D5FD2E00ECCD34 /* Info.plist */ = {isa = PBXFileReference; lastKnownFileType = text.plist.xml; path = Info.plist; sourceTree = "<group>"; };
		B890791925D5FD2E00ECCD34 /* Vecto.entitlements */ = {isa = PBXFileReference; lastKnownFileType = text.plist.entitlements; path = Vecto.entitlements; sourceTree = "<group>"; };
		B890791E25D5FD2E00ECCD34 /* VectoTests.xctest */ = {isa = PBXFileReference; explicitFileType = wrapper.cfbundle; includeInIndex = 0; path = VectoTests.xctest; sourceTree = BUILT_PRODUCTS_DIR; };
		B890792225D5FD2E00ECCD34 /* VectoTests.swift */ = {isa = PBXFileReference; lastKnownFileType = sourcecode.swift; path = VectoTests.swift; sourceTree = "<group>"; };
		B890792425D5FD2E00ECCD34 /* Info.plist */ = {isa = PBXFileReference; lastKnownFileType = text.plist.xml; path = Info.plist; sourceTree = "<group>"; };
		B890792925D5FD2E00ECCD34 /* VectoUITests.xctest */ = {isa = PBXFileReference; explicitFileType = wrapper.cfbundle; includeInIndex = 0; path = VectoUITests.xctest; sourceTree = BUILT_PRODUCTS_DIR; };
		B890792D25D5FD2E00ECCD34 /* VectoUITests.swift */ = {isa = PBXFileReference; lastKnownFileType = sourcecode.swift; path = VectoUITests.swift; sourceTree = "<group>"; };
		B890792F25D5FD2E00ECCD34 /* Info.plist */ = {isa = PBXFileReference; lastKnownFileType = text.plist.xml; path = Info.plist; sourceTree = "<group>"; };
		B890794825D603AC00ECCD34 /* here1.pdf */ = {isa = PBXFileReference; lastKnownFileType = image.pdf; name = here1.pdf; path = ../../../../../Downloads/here1.pdf; sourceTree = "<group>"; };
		B890795025D60B2200ECCD34 /* here2.pdf */ = {isa = PBXFileReference; lastKnownFileType = image.pdf; name = here2.pdf; path = ../../../../../Downloads/here2.pdf; sourceTree = "<group>"; };
		B890795525D611DF00ECCD34 /* here3.pdf */ = {isa = PBXFileReference; lastKnownFileType = image.pdf; name = here3.pdf; path = ../../../../KnowledgeBase/2020HIST201/here3.pdf; sourceTree = "<group>"; };
/* End PBXFileReference section */

/* Begin PBXFrameworksBuildPhase section */
		B890790925D5FD2B00ECCD34 /* Frameworks */ = {
			isa = PBXFrameworksBuildPhase;
			buildActionMask = 2147483647;
			files = (
			);
			runOnlyForDeploymentPostprocessing = 0;
		};
		B890791B25D5FD2E00ECCD34 /* Frameworks */ = {
			isa = PBXFrameworksBuildPhase;
			buildActionMask = 2147483647;
			files = (
			);
			runOnlyForDeploymentPostprocessing = 0;
		};
		B890792625D5FD2E00ECCD34 /* Frameworks */ = {
			isa = PBXFrameworksBuildPhase;
			buildActionMask = 2147483647;
			files = (
			);
			runOnlyForDeploymentPostprocessing = 0;
		};
/* End PBXFrameworksBuildPhase section */

/* Begin PBXGroup section */
		B890790325D5FD2B00ECCD34 = {
			isa = PBXGroup;
			children = (
				B890790E25D5FD2B00ECCD34 /* Vecto */,
				B890792125D5FD2E00ECCD34 /* VectoTests */,
				B890792C25D5FD2E00ECCD34 /* VectoUITests */,
				B890790D25D5FD2B00ECCD34 /* Products */,
			);
			sourceTree = "<group>";
		};
		B890790D25D5FD2B00ECCD34 /* Products */ = {
			isa = PBXGroup;
			children = (
				B890790C25D5FD2B00ECCD34 /* Vecto.app */,
				B890791E25D5FD2E00ECCD34 /* VectoTests.xctest */,
				B890792925D5FD2E00ECCD34 /* VectoUITests.xctest */,
			);
			name = Products;
			sourceTree = "<group>";
		};
		B890790E25D5FD2B00ECCD34 /* Vecto */ = {
			isa = PBXGroup;
			children = (
				B890790F25D5FD2B00ECCD34 /* AppDelegate.swift */,
				B890791125D5FD2B00ECCD34 /* ViewController.swift */,
				B890791325D5FD2E00ECCD34 /* Assets.xcassets */,
				B890791525D5FD2E00ECCD34 /* Main.storyboard */,
				B890791825D5FD2E00ECCD34 /* Info.plist */,
				B890791925D5FD2E00ECCD34 /* Vecto.entitlements */,
				B890794825D603AC00ECCD34 /* here1.pdf */,
				B890795025D60B2200ECCD34 /* here2.pdf */,
				B890795525D611DF00ECCD34 /* here3.pdf */,
			);
			path = Vecto;
			sourceTree = "<group>";
		};
		B890792125D5FD2E00ECCD34 /* VectoTests */ = {
			isa = PBXGroup;
			children = (
				B890792225D5FD2E00ECCD34 /* VectoTests.swift */,
				B890792425D5FD2E00ECCD34 /* Info.plist */,
			);
			path = VectoTests;
			sourceTree = "<group>";
		};
		B890792C25D5FD2E00ECCD34 /* VectoUITests */ = {
			isa = PBXGroup;
			children = (
				B890792D25D5FD2E00ECCD34 /* VectoUITests.swift */,
				B890792F25D5FD2E00ECCD34 /* Info.plist */,
			);
			path = VectoUITests;
			sourceTree = "<group>";
		};
/* End PBXGroup section */

/* Begin PBXNativeTarget section */
		B890790B25D5FD2B00ECCD34 /* Vecto */ = {
			isa = PBXNativeTarget;
			buildConfigurationList = B890793225D5FD2E00ECCD34 /* Build configuration list for PBXNativeTarget "Vecto" */;
			buildPhases = (
				B890790825D5FD2B00ECCD34 /* Sources */,
				B890790925D5FD2B00ECCD34 /* Frameworks */,
				B890790A25D5FD2B00ECCD34 /* Resources */,
			);
			buildRules = (
			);
			dependencies = (
			);
			name = Vecto;
			productName = Vecto;
			productReference = B890790C25D5FD2B00ECCD34 /* Vecto.app */;
			productType = "com.apple.product-type.application";
		};
		B890791D25D5FD2E00ECCD34 /* VectoTests */ = {
			isa = PBXNativeTarget;
			buildConfigurationList = B890793525D5FD2E00ECCD34 /* Build configuration list for PBXNativeTarget "VectoTests" */;
			buildPhases = (
				B890791A25D5FD2E00ECCD34 /* Sources */,
				B890791B25D5FD2E00ECCD34 /* Frameworks */,
				B890791C25D5FD2E00ECCD34 /* Resources */,
			);
			buildRules = (
			);
			dependencies = (
				B890792025D5FD2E00ECCD34 /* PBXTargetDependency */,
			);
			name = VectoTests;
			productName = VectoTests;
			productReference = B890791E25D5FD2E00ECCD34 /* VectoTests.xctest */;
			productType = "com.apple.product-type.bundle.unit-test";
		};
		B890792825D5FD2E00ECCD34 /* VectoUITests */ = {
			isa = PBXNativeTarget;
			buildConfigurationList = B890793825D5FD2E00ECCD34 /* Build configuration list for PBXNativeTarget "VectoUITests" */;
			buildPhases = (
				B890792525D5FD2E00ECCD34 /* Sources */,
				B890792625D5FD2E00ECCD34 /* Frameworks */,
				B890792725D5FD2E00ECCD34 /* Resources */,
			);
			buildRules = (
			);
			dependencies = (
				B890792B25D5FD2E00ECCD34 /* PBXTargetDependency */,
			);
			name = VectoUITests;
			productName = VectoUITests;
			productReference = B890792925D5FD2E00ECCD34 /* VectoUITests.xctest */;
			productType = "com.apple.product-type.bundle.ui-testing";
		};
/* End PBXNativeTarget section */

/* Begin PBXProject section */
		B890790425D5FD2B00ECCD34 /* Project object */ = {
			isa = PBXProject;
			attributes = {
				LastSwiftUpdateCheck = 1240;
				LastUpgradeCheck = 1240;
				TargetAttributes = {
					B890790B25D5FD2B00ECCD34 = {
						CreatedOnToolsVersion = 12.4;
					};
					B890791D25D5FD2E00ECCD34 = {
						CreatedOnToolsVersion = 12.4;
						TestTargetID = B890790B25D5FD2B00ECCD34;
					};
					B890792825D5FD2E00ECCD34 = {
						CreatedOnToolsVersion = 12.4;
						TestTargetID = B890790B25D5FD2B00ECCD34;
					};
				};
			};
			buildConfigurationList = B890790725D5FD2B00ECCD34 /* Build configuration list for PBXProject "Vecto" */;
			compatibilityVersion = "Xcode 9.3";
			developmentRegion = en;
			hasScannedForEncodings = 0;
			knownRegions = (
				en,
				Base,
			);
			mainGroup = B890790325D5FD2B00ECCD34;
			productRefGroup = B890790D25D5FD2B00ECCD34 /* Products */;
			projectDirPath = "";
			projectRoot = "";
			targets = (
				B890790B25D5FD2B00ECCD34 /* Vecto */,
				B890791D25D5FD2E00ECCD34 /* VectoTests */,
				B890792825D5FD2E00ECCD34 /* VectoUITests */,
			);
		};
/* End PBXProject section */

/* Begin PBXResourcesBuildPhase section */
		B890790A25D5FD2B00ECCD34 /* Resources */ = {
			isa = PBXResourcesBuildPhase;
			buildActionMask = 2147483647;
			files = (
				B890791425D5FD2E00ECCD34 /* Assets.xcassets in Resources */,
				B890791725D5FD2E00ECCD34 /* Main.storyboard in Resources */,
				B890794925D603AC00ECCD34 /* here1.pdf in Resources */,
				B890795125D60B2200ECCD34 /* here2.pdf in Resources */,
				B890795625D611DF00ECCD34 /* here3.pdf in Resources */,
			);
			runOnlyForDeploymentPostprocessing = 0;
		};
		B890791C25D5FD2E00ECCD34 /* Resources */ = {
			isa = PBXResourcesBuildPhase;
			buildActionMask = 2147483647;
			files = (
			);
			runOnlyForDeploymentPostprocessing = 0;
		};
		B890792725D5FD2E00ECCD34 /* Resources */ = {
			isa = PBXResourcesBuildPhase;
			buildActionMask = 2147483647;
			files = (
			);
			runOnlyForDeploymentPostprocessing = 0;
		};
/* End PBXResourcesBuildPhase section */

/* Begin PBXSourcesBuildPhase section */
		B890790825D5FD2B00ECCD34 /* Sources */ = {
			isa = PBXSourcesBuildPhase;
			buildActionMask = 2147483647;
			files = (
				B890791225D5FD2B00ECCD34 /* ViewController.swift in Sources */,
				B890791025D5FD2B00ECCD34 /* AppDelegate.swift in Sources */,
			);
			runOnlyForDeploymentPostprocessing = 0;
		};
		B890791A25D5FD2E00ECCD34 /* Sources */ = {
			isa = PBXSourcesBuildPhase;
			buildActionMask = 2147483647;
			files = (
				B890792325D5FD2E00ECCD34 /* VectoTests.swift in Sources */,
			);
			runOnlyForDeploymentPostprocessing = 0;
		};
		B890792525D5FD2E00ECCD34 /* Sources */ = {
			isa = PBXSourcesBuildPhase;
			buildActionMask = 2147483647;
			files = (
				B890792E25D5FD2E00ECCD34 /* VectoUITests.swift in Sources */,
			);
			runOnlyForDeploymentPostprocessing = 0;
		};
/* End PBXSourcesBuildPhase section */

/* Begin PBXTargetDependency section */
		B890792025D5FD2E00ECCD34 /* PBXTargetDependency */ = {
			isa = PBXTargetDependency;
			target = B890790B25D5FD2B00ECCD34 /* Vecto */;
			targetProxy = B890791F25D5FD2E00ECCD34 /* PBXContainerItemProxy */;
		};
		B890792B25D5FD2E00ECCD34 /* PBXTargetDependency */ = {
			isa = PBXTargetDependency;
			target = B890790B25D5FD2B00ECCD34 /* Vecto */;
			targetProxy = B890792A25D5FD2E00ECCD34 /* PBXContainerItemProxy */;
		};
/* End PBXTargetDependency section */

/* Begin PBXVariantGroup section */
		B890791525D5FD2E00ECCD34 /* Main.storyboard */ = {
			isa = PBXVariantGroup;
			children = (
				B890791625D5FD2E00ECCD34 /* Base */,
			);
			name = Main.storyboard;
			sourceTree = "<group>";
		};
/* End PBXVariantGroup section */

/* Begin XCBuildConfiguration section */
		B890793025D5FD2E00ECCD34 /* Debug */ = {
			isa = XCBuildConfiguration;
			buildSettings = {
				ALWAYS_SEARCH_USER_PATHS = NO;
				CLANG_ANALYZER_NONNULL = YES;
				CLANG_ANALYZER_NUMBER_OBJECT_CONVERSION = YES_AGGRESSIVE;
				CLANG_CXX_LANGUAGE_STANDARD = "gnu++14";
				CLANG_CXX_LIBRARY = "libc++";
				CLANG_ENABLE_MODULES = YES;
				CLANG_ENABLE_OBJC_ARC = YES;
				CLANG_ENABLE_OBJC_WEAK = YES;
				CLANG_WARN_BLOCK_CAPTURE_AUTORELEASING = YES;
				CLANG_WARN_BOOL_CONVERSION = YES;
				CLANG_WARN_COMMA = YES;
				CLANG_WARN_CONSTANT_CONVERSION = YES;
				CLANG_WARN_DEPRECATED_OBJC_IMPLEMENTATIONS = YES;
				CLANG_WARN_DIRECT_OBJC_ISA_USAGE = YES_ERROR;
				CLANG_WARN_DOCUMENTATION_COMMENTS = YES;
				CLANG_WARN_EMPTY_BODY = YES;
				CLANG_WARN_ENUM_CONVERSION = YES;
				CLANG_WARN_INFINITE_RECURSION = YES;
				CLANG_WARN_INT_CONVERSION = YES;
				CLANG_WARN_NON_LITERAL_NULL_CONVERSION = YES;
				CLANG_WARN_OBJC_IMPLICIT_RETAIN_SELF = YES;
				CLANG_WARN_OBJC_LITERAL_CONVERSION = YES;
				CLANG_WARN_OBJC_ROOT_CLASS = YES_ERROR;
				CLANG_WARN_QUOTED_INCLUDE_IN_FRAMEWORK_HEADER = YES;
				CLANG_WARN_RANGE_LOOP_ANALYSIS = YES;
				CLANG_WARN_STRICT_PROTOTYPES = YES;
				CLANG_WARN_SUSPICIOUS_MOVE = YES;
				CLANG_WARN_UNGUARDED_AVAILABILITY = YES_AGGRESSIVE;
				CLANG_WARN_UNREACHABLE_CODE = YES;
				CLANG_WARN__DUPLICATE_METHOD_MATCH = YES;
				COPY_PHASE_STRIP = NO;
				DEBUG_INFORMATION_FORMAT = dwarf;
				ENABLE_STRICT_OBJC_MSGSEND = YES;
				ENABLE_TESTABILITY = YES;
				GCC_C_LANGUAGE_STANDARD = gnu11;
				GCC_DYNAMIC_NO_PIC = NO;
				GCC_NO_COMMON_BLOCKS = YES;
				GCC_OPTIMIZATION_LEVEL = 0;
				GCC_PREPROCESSOR_DEFINITIONS = (
					"DEBUG=1",
					"$(inherited)",
				);
				GCC_WARN_64_TO_32_BIT_CONVERSION = YES;
				GCC_WARN_ABOUT_RETURN_TYPE = YES_ERROR;
				GCC_WARN_UNDECLARED_SELECTOR = YES;
				GCC_WARN_UNINITIALIZED_AUTOS = YES_AGGRESSIVE;
				GCC_WARN_UNUSED_FUNCTION = YES;
				GCC_WARN_UNUSED_VARIABLE = YES;
				MACOSX_DEPLOYMENT_TARGET = 10.15;
				MTL_ENABLE_DEBUG_INFO = INCLUDE_SOURCE;
				MTL_FAST_MATH = YES;
				ONLY_ACTIVE_ARCH = YES;
				SDKROOT = macosx;
				SWIFT_ACTIVE_COMPILATION_CONDITIONS = DEBUG;
				SWIFT_OPTIMIZATION_LEVEL = "-Onone";
			};
			name = Debug;
		};
		B890793125D5FD2E00ECCD34 /* Release */ = {
			isa = XCBuildConfiguration;
			buildSettings = {
				ALWAYS_SEARCH_USER_PATHS = NO;
				CLANG_ANALYZER_NONNULL = YES;
				CLANG_ANALYZER_NUMBER_OBJECT_CONVERSION = YES_AGGRESSIVE;
				CLANG_CXX_LANGUAGE_STANDARD = "gnu++14";
				CLANG_CXX_LIBRARY = "libc++";
				CLANG_ENABLE_MODULES = YES;
				CLANG_ENABLE_OBJC_ARC = YES;
				CLANG_ENABLE_OBJC_WEAK = YES;
				CLANG_WARN_BLOCK_CAPTURE_AUTORELEASING = YES;
				CLANG_WARN_BOOL_CONVERSION = YES;
				CLANG_WARN_COMMA = YES;
				CLANG_WARN_CONSTANT_CONVERSION = YES;
				CLANG_WARN_DEPRECATED_OBJC_IMPLEMENTATIONS = YES;
				CLANG_WARN_DIRECT_OBJC_ISA_USAGE = YES_ERROR;
				CLANG_WARN_DOCUMENTATION_COMMENTS = YES;
				CLANG_WARN_EMPTY_BODY = YES;
				CLANG_WARN_ENUM_CONVERSION = YES;
				CLANG_WARN_INFINITE_RECURSION = YES;
				CLANG_WARN_INT_CONVERSION = YES;
				CLANG_WARN_NON_LITERAL_NULL_CONVERSION = YES;
				CLANG_WARN_OBJC_IMPLICIT_RETAIN_SELF = YES;
				CLANG_WARN_OBJC_LITERAL_CONVERSION = YES;
				CLANG_WARN_OBJC_ROOT_CLASS = YES_ERROR;
				CLANG_WARN_QUOTED_INCLUDE_IN_FRAMEWORK_HEADER = YES;
				CLANG_WARN_RANGE_LOOP_ANALYSIS = YES;
				CLANG_WARN_STRICT_PROTOTYPES = YES;
				CLANG_WARN_SUSPICIOUS_MOVE = YES;
				CLANG_WARN_UNGUARDED_AVAILABILITY = YES_AGGRESSIVE;
				CLANG_WARN_UNREACHABLE_CODE = YES;
				CLANG_WARN__DUPLICATE_METHOD_MATCH = YES;
				COPY_PHASE_STRIP = NO;
				DEBUG_INFORMATION_FORMAT = "dwarf-with-dsym";
				ENABLE_NS_ASSERTIONS = NO;
				ENABLE_STRICT_OBJC_MSGSEND = YES;
				GCC_C_LANGUAGE_STANDARD = gnu11;
				GCC_NO_COMMON_BLOCKS = YES;
				GCC_WARN_64_TO_32_BIT_CONVERSION = YES;
				GCC_WARN_ABOUT_RETURN_TYPE = YES_ERROR;
				GCC_WARN_UNDECLARED_SELECTOR = YES;
				GCC_WARN_UNINITIALIZED_AUTOS = YES_AGGRESSIVE;
				GCC_WARN_UNUSED_FUNCTION = YES;
				GCC_WARN_UNUSED_VARIABLE = YES;
				MACOSX_DEPLOYMENT_TARGET = 10.15;
				MTL_ENABLE_DEBUG_INFO = NO;
				MTL_FAST_MATH = YES;
				SDKROOT = macosx;
				SWIFT_COMPILATION_MODE = wholemodule;
				SWIFT_OPTIMIZATION_LEVEL = "-O";
			};
			name = Release;
		};
		B890793325D5FD2E00ECCD34 /* Debug */ = {
			isa = XCBuildConfiguration;
			buildSettings = {
				ASSETCATALOG_COMPILER_APPICON_NAME = AppIcon;
				ASSETCATALOG_COMPILER_GLOBAL_ACCENT_COLOR_NAME = AccentColor;
				CODE_SIGN_ENTITLEMENTS = Vecto/Vecto.entitlements;
				CODE_SIGN_STYLE = Automatic;
				COMBINE_HIDPI_IMAGES = YES;
				INFOPLIST_FILE = Vecto/Info.plist;
				LD_RUNPATH_SEARCH_PATHS = (
					"$(inherited)",
					"@executable_path/../Frameworks",
				);
				PRODUCT_BUNDLE_IDENTIFIER = com.enquirer.Vecto;
				PRODUCT_NAME = "$(TARGET_NAME)";
				SWIFT_VERSION = 5.0;
			};
			name = Debug;
		};
		B890793425D5FD2E00ECCD34 /* Release */ = {
			isa = XCBuildConfiguration;
			buildSettings = {
				ASSETCATALOG_COMPILER_APPICON_NAME = AppIcon;
				ASSETCATALOG_COMPILER_GLOBAL_ACCENT_COLOR_NAME = AccentColor;
				CODE_SIGN_ENTITLEMENTS = Vecto/Vecto.entitlements;
				CODE_SIGN_STYLE = Automatic;
				COMBINE_HIDPI_IMAGES = YES;
				INFOPLIST_FILE = Vecto/Info.plist;
				LD_RUNPATH_SEARCH_PATHS = (
					"$(inherited)",
					"@executable_path/../Frameworks",
				);
				PRODUCT_BUNDLE_IDENTIFIER = com.enquirer.Vecto;
				PRODUCT_NAME = "$(TARGET_NAME)";
				SWIFT_VERSION = 5.0;
			};
			name = Release;
		};
		B890793625D5FD2E00ECCD34 /* Debug */ = {
			isa = XCBuildConfiguration;
			buildSettings = {
				ALWAYS_EMBED_SWIFT_STANDARD_LIBRARIES = YES;
				BUNDLE_LOADER = "$(TEST_HOST)";
				CODE_SIGN_STYLE = Automatic;
				COMBINE_HIDPI_IMAGES = YES;
				INFOPLIST_FILE = VectoTests/Info.plist;
				LD_RUNPATH_SEARCH_PATHS = (
					"$(inherited)",
					"@executable_path/../Frameworks",
					"@loader_path/../Frameworks",
				);
				MACOSX_DEPLOYMENT_TARGET = 10.15;
				PRODUCT_BUNDLE_IDENTIFIER = com.enquirer.VectoTests;
				PRODUCT_NAME = "$(TARGET_NAME)";
				SWIFT_VERSION = 5.0;
				TEST_HOST = "$(BUILT_PRODUCTS_DIR)/Vecto.app/Contents/MacOS/Vecto";
			};
			name = Debug;
		};
		B890793725D5FD2E00ECCD34 /* Release */ = {
			isa = XCBuildConfiguration;
			buildSettings = {
				ALWAYS_EMBED_SWIFT_STANDARD_LIBRARIES = YES;
				BUNDLE_LOADER = "$(TEST_HOST)";
				CODE_SIGN_STYLE = Automatic;
				COMBINE_HIDPI_IMAGES = YES;
				INFOPLIST_FILE = VectoTests/Info.plist;
				LD_RUNPATH_SEARCH_PATHS = (
					"$(inherited)",
					"@executable_path/../Frameworks",
					"@loader_path/../Frameworks",
				);
				MACOSX_DEPLOYMENT_TARGET = 10.15;
				PRODUCT_BUNDLE_IDENTIFIER = com.enquirer.VectoTests;
				PRODUCT_NAME = "$(TARGET_NAME)";
				SWIFT_VERSION = 5.0;
				TEST_HOST = "$(BUILT_PRODUCTS_DIR)/Vecto.app/Contents/MacOS/Vecto";
			};
			name = Release;
		};
		B890793925D5FD2E00ECCD34 /* Debug */ = {
			isa = XCBuildConfiguration;
			buildSettings = {
				ALWAYS_EMBED_SWIFT_STANDARD_LIBRARIES = YES;
				CODE_SIGN_STYLE = Automatic;
				COMBINE_HIDPI_IMAGES = YES;
				INFOPLIST_FILE = VectoUITests/Info.plist;
				LD_RUNPATH_SEARCH_PATHS = (
					"$(inherited)",
					"@executable_path/../Frameworks",
					"@loader_path/../Frameworks",
				);
				PRODUCT_BUNDLE_IDENTIFIER = com.enquirer.VectoUITests;
				PRODUCT_NAME = "$(TARGET_NAME)";
				SWIFT_VERSION = 5.0;
				TEST_TARGET_NAME = Vecto;
			};
			name = Debug;
		};
		B890793A25D5FD2E00ECCD34 /* Release */ = {
			isa = XCBuildConfiguration;
			buildSettings = {
				ALWAYS_EMBED_SWIFT_STANDARD_LIBRARIES = YES;
				CODE_SIGN_STYLE = Automatic;
				COMBINE_HIDPI_IMAGES = YES;
				INFOPLIST_FILE = VectoUITests/Info.plist;
				LD_RUNPATH_SEARCH_PATHS = (
					"$(inherited)",
					"@executable_path/../Frameworks",
					"@loader_path/../Frameworks",
				);
				PRODUCT_BUNDLE_IDENTIFIER = com.enquirer.VectoUITests;
				PRODUCT_NAME = "$(TARGET_NAME)";
				SWIFT_VERSION = 5.0;
				TEST_TARGET_NAME = Vecto;
			};
			name = Release;
		};
/* End XCBuildConfiguration section */

/* Begin XCConfigurationList section */
		B890790725D5FD2B00ECCD34 /* Build configuration list for PBXProject "Vecto" */ = {
			isa = XCConfigurationList;
			buildConfigurations = (
				B890793025D5FD2E00ECCD34 /* Debug */,
				B890793125D5FD2E00ECCD34 /* Release */,
			);
			defaultConfigurationIsVisible = 0;
			defaultConfigurationName = Release;
		};
		B890793225D5FD2E00ECCD34 /* Build configuration list for PBXNativeTarget "Vecto" */ = {
			isa = XCConfigurationList;
			buildConfigurations = (
				B890793325D5FD2E00ECCD34 /* Debug */,
				B890793425D5FD2E00ECCD34 /* Release */,
			);
			defaultConfigurationIsVisible = 0;
			defaultConfigurationName = Release;
		};
		B890793525D5FD2E00ECCD34 /* Build configuration list for PBXNativeTarget "VectoTests" */ = {
			isa = XCConfigurationList;
			buildConfigurations = (
				B890793625D5FD2E00ECCD34 /* Debug */,
				B890793725D5FD2E00ECCD34 /* Release */,
			);
			defaultConfigurationIsVisible = 0;
			defaultConfigurationName = Release;
		};
		B890793825D5FD2E00ECCD34 /* Build configuration list for PBXNativeTarget "VectoUITests" */ = {
			isa = XCConfigurationList;
			buildConfigurations = (
				B890793925D5FD2E00ECCD34 /* Debug */,
				B890793A25D5FD2E00ECCD34 /* Release */,
			);
			defaultConfigurationIsVisible = 0;
			defaultConfigurationName = Release;
		};
/* End XCConfigurationList section */
	};
	rootObject = B890790425D5FD2B00ECCD34 /* Project object */;
}
